<?xml version="1.0" encoding="utf-8"?>
<Project ToolsVersion="4.0" xmlns="http://schemas.microsoft.com/developer/msbuild/2003">
  <ItemGroup>
    <Filter Include="源文件">
      <UniqueIdentifier>{c32b8490-14f5-4736-ba36-4b684c15d236}</UniqueIdentifier>
    </Filter>
    <Filter Include="生成的文件">
      <UniqueIdentifier>{843e27ef-977e-48d3-91f6-f64dd1428d3b}</UniqueIdentifier>
      <SourceControlFiles>False</SourceControlFiles>
    </Filter>
  </ItemGroup>
  <ItemGroup>
    <None Include="SevenFanlips.def" />
  </ItemGroup>
  <ItemGroup>
    <ClCompile Include="SevenFanli_i.c">
      <Filter>生成的文件</Filter>
    </ClCompile>
    <ClCompile Include="SevenFanli_p.c">
      <Filter>生成的文件</Filter>
    </ClCompile>
    <ClCompile Include="dlldata.c">
      <Filter>生成的文件</Filter>
    </ClCompile>
  </ItemGroup>
</Project>